// !$*UTF8*$!
{
	archiveVersion = 1;
	classes = {
	};
	objectVersion = 56;
	objects = {

/* Begin PBXBuildFile section */
		CE1FFD1E2930D13800D9435B /* AccountViewController.swift in Sources */ = {isa = PBXBuildFile; fileRef = CE1FFD1D2930D13800D9435B /* AccountViewController.swift */; };
		CE1FFD202930D18600D9435B /* Account.swift in Sources */ = {isa = PBXBuildFile; fileRef = CE1FFD1F2930D18600D9435B /* Account.swift */; };
		CE1FFD222930D1A200D9435B /* AccountData.swift in Sources */ = {isa = PBXBuildFile; fileRef = CE1FFD212930D1A200D9435B /* AccountData.swift */; };
		CE5FE58E293D54D000BD5E72 /* CategoriesViewController.swift in Sources */ = {isa = PBXBuildFile; fileRef = CE5FE58D293D54D000BD5E72 /* CategoriesViewController.swift */; };
		CE5FE590293D689F00BD5E72 /* IncomeCategoriesViewController.swift in Sources */ = {isa = PBXBuildFile; fileRef = CE5FE58F293D689F00BD5E72 /* IncomeCategoriesViewController.swift */; };
		CE5FE592293D6C5200BD5E72 /* WasteCategoriesViewController.swift in Sources */ = {isa = PBXBuildFile; fileRef = CE5FE591293D6C5200BD5E72 /* WasteCategoriesViewController.swift */; };
		CE8FE52229318053007ADA6B /* AccountTableViewCell.swift in Sources */ = {isa = PBXBuildFile; fileRef = CE8FE52029318053007ADA6B /* AccountTableViewCell.swift */; };
		CE8FE52329318053007ADA6B /* AccountTableViewCell.xib in Resources */ = {isa = PBXBuildFile; fileRef = CE8FE52129318053007ADA6B /* AccountTableViewCell.xib */; };
		CE8FE525293183AC007ADA6B /* AccountDetailViewController.swift in Sources */ = {isa = PBXBuildFile; fileRef = CE8FE524293183AC007ADA6B /* AccountDetailViewController.swift */; };
		CE8FE52729319485007ADA6B /* EditAccountViewController.swift in Sources */ = {isa = PBXBuildFile; fileRef = CE8FE52629319485007ADA6B /* EditAccountViewController.swift */; };
		CEABBC7F2936B6C50097C60D /* WasteViewController.swift in Sources */ = {isa = PBXBuildFile; fileRef = CEABBC7E2936B6C50097C60D /* WasteViewController.swift */; };
		CEABBC812936C1F80097C60D /* SettingsViewController.swift in Sources */ = {isa = PBXBuildFile; fileRef = CEABBC802936C1F80097C60D /* SettingsViewController.swift */; };
		CEABBC832936C9090097C60D /* CurrencyViewController.swift in Sources */ = {isa = PBXBuildFile; fileRef = CEABBC822936C9090097C60D /* CurrencyViewController.swift */; };
		CEBFAA312930CE4F003D0162 /* Operation.swift in Sources */ = {isa = PBXBuildFile; fileRef = CEBFAA302930CE4F003D0162 /* Operation.swift */; };
		CEBFAA332930CEF4003D0162 /* OperationData.swift in Sources */ = {isa = PBXBuildFile; fileRef = CEBFAA322930CEF4003D0162 /* OperationData.swift */; };
		CEC3656A293ABD3500F2A646 /* NewCategoryData.swift in Sources */ = {isa = PBXBuildFile; fileRef = CEC36569293ABD3500F2A646 /* NewCategoryData.swift */; };
		CEC3656C293ABE1F00F2A646 /* SelectIconViewController.swift in Sources */ = {isa = PBXBuildFile; fileRef = CEC3656B293ABE1F00F2A646 /* SelectIconViewController.swift */; };
		CEC3656E293AC42800F2A646 /* SelectColorViewController.swift in Sources */ = {isa = PBXBuildFile; fileRef = CEC3656D293AC42800F2A646 /* SelectColorViewController.swift */; };
		CEC41663293421CF006AD353 /* AddAccountViewController.swift in Sources */ = {isa = PBXBuildFile; fileRef = CEC41662293421CF006AD353 /* AddAccountViewController.swift */; };
		CEC43EA4293DEF7B00847B56 /* CategoryDetailViewController.swift in Sources */ = {isa = PBXBuildFile; fileRef = CEC43EA3293DEF7B00847B56 /* CategoryDetailViewController.swift */; };
		CEC43EA6293DFA7B00847B56 /* EditCategoryViewController.swift in Sources */ = {isa = PBXBuildFile; fileRef = CEC43EA5293DFA7B00847B56 /* EditCategoryViewController.swift */; };
		CEC5133B2938B19C00305FE0 /* ColorCollectionViewCell.swift in Sources */ = {isa = PBXBuildFile; fileRef = CEC513392938B19C00305FE0 /* ColorCollectionViewCell.swift */; };
		CEC5133C2938B19C00305FE0 /* ColorCollectionViewCell.xib in Resources */ = {isa = PBXBuildFile; fileRef = CEC5133A2938B19C00305FE0 /* ColorCollectionViewCell.xib */; };
		CECD00242930257D002D610A /* AppDelegate.swift in Sources */ = {isa = PBXBuildFile; fileRef = CECD00232930257D002D610A /* AppDelegate.swift */; };
		CECD00262930257D002D610A /* SceneDelegate.swift in Sources */ = {isa = PBXBuildFile; fileRef = CECD00252930257D002D610A /* SceneDelegate.swift */; };
		CECD00282930257D002D610A /* MainViewController.swift in Sources */ = {isa = PBXBuildFile; fileRef = CECD00272930257D002D610A /* MainViewController.swift */; };
		CECD002B2930257D002D610A /* Main.storyboard in Resources */ = {isa = PBXBuildFile; fileRef = CECD00292930257D002D610A /* Main.storyboard */; };
		CECD002D2930257E002D610A /* Assets.xcassets in Resources */ = {isa = PBXBuildFile; fileRef = CECD002C2930257E002D610A /* Assets.xcassets */; };
		CECD00302930257E002D610A /* LaunchScreen.storyboard in Resources */ = {isa = PBXBuildFile; fileRef = CECD002E2930257E002D610A /* LaunchScreen.storyboard */; };
		CED581CF294290920051444B /* SetupLayout.swift in Sources */ = {isa = PBXBuildFile; fileRef = CED581CE294290920051444B /* SetupLayout.swift */; };
		CED581D12942A0EA0051444B /* WarningAlert.swift in Sources */ = {isa = PBXBuildFile; fileRef = CED581D02942A0EA0051444B /* WarningAlert.swift */; };
		CEDBA63C29381074008462A2 /* IconCollectionViewCell.swift in Sources */ = {isa = PBXBuildFile; fileRef = CEDBA63A29381074008462A2 /* IconCollectionViewCell.swift */; };
		CEDBA63D29381074008462A2 /* IconCollectionViewCell.xib in Resources */ = {isa = PBXBuildFile; fileRef = CEDBA63B29381074008462A2 /* IconCollectionViewCell.xib */; };
		CEECAAB5293808AE00EB7C6C /* AccountCounter.swift in Sources */ = {isa = PBXBuildFile; fileRef = CEECAAB4293808AE00EB7C6C /* AccountCounter.swift */; };
		CEECAAB729380E5600EB7C6C /* CategoryViewController.swift in Sources */ = {isa = PBXBuildFile; fileRef = CEECAAB629380E5600EB7C6C /* CategoryViewController.swift */; };
		CEFEC2DF2934C1030036EFE1 /* IncomeViewController.swift in Sources */ = {isa = PBXBuildFile; fileRef = CEFEC2DE2934C1030036EFE1 /* IncomeViewController.swift */; };
		CEFEC2E329356F850036EFE1 /* SelectAccountsViewController.swift in Sources */ = {isa = PBXBuildFile; fileRef = CEFEC2E229356F850036EFE1 /* SelectAccountsViewController.swift */; };
		CEFEC2E5293577EE0036EFE1 /* Category.swift in Sources */ = {isa = PBXBuildFile; fileRef = CEFEC2E4293577EE0036EFE1 /* Category.swift */; };
		CEFEC2E82935787E0036EFE1 /* CategoryData.swift in Sources */ = {isa = PBXBuildFile; fileRef = CEFEC2E72935787E0036EFE1 /* CategoryData.swift */; };
		CEFEC2EC29357CCB0036EFE1 /* CategoryTableViewCell.swift in Sources */ = {isa = PBXBuildFile; fileRef = CEFEC2EA29357CCB0036EFE1 /* CategoryTableViewCell.swift */; };
		CEFEC2ED29357CCB0036EFE1 /* CategoryTableViewCell.xib in Resources */ = {isa = PBXBuildFile; fileRef = CEFEC2EB29357CCB0036EFE1 /* CategoryTableViewCell.xib */; };
		CEFF2BA429342DFD008C3D1E /* OperationTableViewCell.swift in Sources */ = {isa = PBXBuildFile; fileRef = CEFF2BA229342DFD008C3D1E /* OperationTableViewCell.swift */; };
		CEFF2BA529342DFD008C3D1E /* OperationTableViewCell.xib in Resources */ = {isa = PBXBuildFile; fileRef = CEFF2BA329342DFD008C3D1E /* OperationTableViewCell.xib */; };
		CEFF2BA729343018008C3D1E /* OperationsViewController.swift in Sources */ = {isa = PBXBuildFile; fileRef = CEFF2BA629343018008C3D1E /* OperationsViewController.swift */; };
		CEFF2BA929343BB0008C3D1E /* OperationDetailViewController.swift in Sources */ = {isa = PBXBuildFile; fileRef = CEFF2BA829343BB0008C3D1E /* OperationDetailViewController.swift */; };
/* End PBXBuildFile section */

/* Begin PBXFileReference section */
		CE1FFD1D2930D13800D9435B /* AccountViewController.swift */ = {isa = PBXFileReference; lastKnownFileType = sourcecode.swift; path = AccountViewController.swift; sourceTree = "<group>"; };
		CE1FFD1F2930D18600D9435B /* Account.swift */ = {isa = PBXFileReference; lastKnownFileType = sourcecode.swift; path = Account.swift; sourceTree = "<group>"; };
		CE1FFD212930D1A200D9435B /* AccountData.swift */ = {isa = PBXFileReference; lastKnownFileType = sourcecode.swift; path = AccountData.swift; sourceTree = "<group>"; };
		CE5FE58D293D54D000BD5E72 /* CategoriesViewController.swift */ = {isa = PBXFileReference; lastKnownFileType = sourcecode.swift; path = CategoriesViewController.swift; sourceTree = "<group>"; };
		CE5FE58F293D689F00BD5E72 /* IncomeCategoriesViewController.swift */ = {isa = PBXFileReference; lastKnownFileType = sourcecode.swift; path = IncomeCategoriesViewController.swift; sourceTree = "<group>"; };
		CE5FE591293D6C5200BD5E72 /* WasteCategoriesViewController.swift */ = {isa = PBXFileReference; lastKnownFileType = sourcecode.swift; path = WasteCategoriesViewController.swift; sourceTree = "<group>"; };
		CE8FE52029318053007ADA6B /* AccountTableViewCell.swift */ = {isa = PBXFileReference; lastKnownFileType = sourcecode.swift; path = AccountTableViewCell.swift; sourceTree = "<group>"; };
		CE8FE52129318053007ADA6B /* AccountTableViewCell.xib */ = {isa = PBXFileReference; lastKnownFileType = file.xib; path = AccountTableViewCell.xib; sourceTree = "<group>"; };
		CE8FE524293183AC007ADA6B /* AccountDetailViewController.swift */ = {isa = PBXFileReference; lastKnownFileType = sourcecode.swift; path = AccountDetailViewController.swift; sourceTree = "<group>"; };
		CE8FE52629319485007ADA6B /* EditAccountViewController.swift */ = {isa = PBXFileReference; lastKnownFileType = sourcecode.swift; path = EditAccountViewController.swift; sourceTree = "<group>"; };
		CEABBC7E2936B6C50097C60D /* WasteViewController.swift */ = {isa = PBXFileReference; lastKnownFileType = sourcecode.swift; path = WasteViewController.swift; sourceTree = "<group>"; };
		CEABBC802936C1F80097C60D /* SettingsViewController.swift */ = {isa = PBXFileReference; lastKnownFileType = sourcecode.swift; path = SettingsViewController.swift; sourceTree = "<group>"; };
		CEABBC822936C9090097C60D /* CurrencyViewController.swift */ = {isa = PBXFileReference; lastKnownFileType = sourcecode.swift; path = CurrencyViewController.swift; sourceTree = "<group>"; };
		CEBFAA302930CE4F003D0162 /* Operation.swift */ = {isa = PBXFileReference; lastKnownFileType = sourcecode.swift; path = Operation.swift; sourceTree = "<group>"; };
		CEBFAA322930CEF4003D0162 /* OperationData.swift */ = {isa = PBXFileReference; lastKnownFileType = sourcecode.swift; path = OperationData.swift; sourceTree = "<group>"; };
		CEC36569293ABD3500F2A646 /* NewCategoryData.swift */ = {isa = PBXFileReference; lastKnownFileType = sourcecode.swift; path = NewCategoryData.swift; sourceTree = "<group>"; };
		CEC3656B293ABE1F00F2A646 /* SelectIconViewController.swift */ = {isa = PBXFileReference; lastKnownFileType = sourcecode.swift; path = SelectIconViewController.swift; sourceTree = "<group>"; };
		CEC3656D293AC42800F2A646 /* SelectColorViewController.swift */ = {isa = PBXFileReference; lastKnownFileType = sourcecode.swift; path = SelectColorViewController.swift; sourceTree = "<group>"; };
		CEC41662293421CF006AD353 /* AddAccountViewController.swift */ = {isa = PBXFileReference; lastKnownFileType = sourcecode.swift; path = AddAccountViewController.swift; sourceTree = "<group>"; };
		CEC43EA3293DEF7B00847B56 /* CategoryDetailViewController.swift */ = {isa = PBXFileReference; lastKnownFileType = sourcecode.swift; path = CategoryDetailViewController.swift; sourceTree = "<group>"; };
		CEC43EA5293DFA7B00847B56 /* EditCategoryViewController.swift */ = {isa = PBXFileReference; lastKnownFileType = sourcecode.swift; path = EditCategoryViewController.swift; sourceTree = "<group>"; };
		CEC513392938B19C00305FE0 /* ColorCollectionViewCell.swift */ = {isa = PBXFileReference; lastKnownFileType = sourcecode.swift; path = ColorCollectionViewCell.swift; sourceTree = "<group>"; };
		CEC5133A2938B19C00305FE0 /* ColorCollectionViewCell.xib */ = {isa = PBXFileReference; lastKnownFileType = file.xib; path = ColorCollectionViewCell.xib; sourceTree = "<group>"; };
		CECD00202930257D002D610A /* money.app */ = {isa = PBXFileReference; explicitFileType = wrapper.application; includeInIndex = 0; path = money.app; sourceTree = BUILT_PRODUCTS_DIR; };
		CECD00232930257D002D610A /* AppDelegate.swift */ = {isa = PBXFileReference; lastKnownFileType = sourcecode.swift; path = AppDelegate.swift; sourceTree = "<group>"; };
		CECD00252930257D002D610A /* SceneDelegate.swift */ = {isa = PBXFileReference; lastKnownFileType = sourcecode.swift; path = SceneDelegate.swift; sourceTree = "<group>"; };
		CECD00272930257D002D610A /* MainViewController.swift */ = {isa = PBXFileReference; lastKnownFileType = sourcecode.swift; path = MainViewController.swift; sourceTree = "<group>"; };
		CECD002A2930257D002D610A /* Base */ = {isa = PBXFileReference; lastKnownFileType = file.storyboard; name = Base; path = Base.lproj/Main.storyboard; sourceTree = "<group>"; };
		CECD002C2930257E002D610A /* Assets.xcassets */ = {isa = PBXFileReference; lastKnownFileType = folder.assetcatalog; path = Assets.xcassets; sourceTree = "<group>"; };
		CECD002F2930257E002D610A /* Base */ = {isa = PBXFileReference; lastKnownFileType = file.storyboard; name = Base; path = Base.lproj/LaunchScreen.storyboard; sourceTree = "<group>"; };
		CECD00312930257E002D610A /* Info.plist */ = {isa = PBXFileReference; lastKnownFileType = text.plist.xml; path = Info.plist; sourceTree = "<group>"; };
		CED581CE294290920051444B /* SetupLayout.swift */ = {isa = PBXFileReference; lastKnownFileType = sourcecode.swift; path = SetupLayout.swift; sourceTree = "<group>"; };
		CED581D02942A0EA0051444B /* WarningAlert.swift */ = {isa = PBXFileReference; lastKnownFileType = sourcecode.swift; path = WarningAlert.swift; sourceTree = "<group>"; };
		CEDBA63A29381074008462A2 /* IconCollectionViewCell.swift */ = {isa = PBXFileReference; lastKnownFileType = sourcecode.swift; path = IconCollectionViewCell.swift; sourceTree = "<group>"; };
		CEDBA63B29381074008462A2 /* IconCollectionViewCell.xib */ = {isa = PBXFileReference; lastKnownFileType = file.xib; path = IconCollectionViewCell.xib; sourceTree = "<group>"; };
		CEECAAB4293808AE00EB7C6C /* AccountCounter.swift */ = {isa = PBXFileReference; lastKnownFileType = sourcecode.swift; path = AccountCounter.swift; sourceTree = "<group>"; };
		CEECAAB629380E5600EB7C6C /* CategoryViewController.swift */ = {isa = PBXFileReference; lastKnownFileType = sourcecode.swift; path = CategoryViewController.swift; sourceTree = "<group>"; };
		CEFEC2DE2934C1030036EFE1 /* IncomeViewController.swift */ = {isa = PBXFileReference; lastKnownFileType = sourcecode.swift; path = IncomeViewController.swift; sourceTree = "<group>"; };
		CEFEC2E229356F850036EFE1 /* SelectAccountsViewController.swift */ = {isa = PBXFileReference; lastKnownFileType = sourcecode.swift; path = SelectAccountsViewController.swift; sourceTree = "<group>"; };
		CEFEC2E4293577EE0036EFE1 /* Category.swift */ = {isa = PBXFileReference; lastKnownFileType = sourcecode.swift; path = Category.swift; sourceTree = "<group>"; };
		CEFEC2E72935787E0036EFE1 /* CategoryData.swift */ = {isa = PBXFileReference; lastKnownFileType = sourcecode.swift; path = CategoryData.swift; sourceTree = "<group>"; };
		CEFEC2EA29357CCB0036EFE1 /* CategoryTableViewCell.swift */ = {isa = PBXFileReference; lastKnownFileType = sourcecode.swift; path = CategoryTableViewCell.swift; sourceTree = "<group>"; };
		CEFEC2EB29357CCB0036EFE1 /* CategoryTableViewCell.xib */ = {isa = PBXFileReference; lastKnownFileType = file.xib; path = CategoryTableViewCell.xib; sourceTree = "<group>"; };
		CEFF2BA229342DFD008C3D1E /* OperationTableViewCell.swift */ = {isa = PBXFileReference; lastKnownFileType = sourcecode.swift; path = OperationTableViewCell.swift; sourceTree = "<group>"; };
		CEFF2BA329342DFD008C3D1E /* OperationTableViewCell.xib */ = {isa = PBXFileReference; lastKnownFileType = file.xib; path = OperationTableViewCell.xib; sourceTree = "<group>"; };
		CEFF2BA629343018008C3D1E /* OperationsViewController.swift */ = {isa = PBXFileReference; lastKnownFileType = sourcecode.swift; path = OperationsViewController.swift; sourceTree = "<group>"; };
		CEFF2BA829343BB0008C3D1E /* OperationDetailViewController.swift */ = {isa = PBXFileReference; lastKnownFileType = sourcecode.swift; path = OperationDetailViewController.swift; sourceTree = "<group>"; };
/* End PBXFileReference section */

/* Begin PBXFrameworksBuildPhase section */
		CECD001D2930257D002D610A /* Frameworks */ = {
			isa = PBXFrameworksBuildPhase;
			buildActionMask = 2147483647;
			files = (
			);
			runOnlyForDeploymentPostprocessing = 0;
		};
/* End PBXFrameworksBuildPhase section */

/* Begin PBXGroup section */
		CE13D2B829342A8100582D11 /* Account */ = {
			isa = PBXGroup;
			children = (
				CE1FFD1F2930D18600D9435B /* Account.swift */,
				CE1FFD212930D1A200D9435B /* AccountData.swift */,
				CEECAAB4293808AE00EB7C6C /* AccountCounter.swift */,
			);
			path = Account;
			sourceTree = "<group>";
		};
		CE13D2BD29342B5900582D11 /* Operation Cell */ = {
			isa = PBXGroup;
			children = (
				CEFF2BA229342DFD008C3D1E /* OperationTableViewCell.swift */,
				CEFF2BA329342DFD008C3D1E /* OperationTableViewCell.xib */,
			);
			path = "Operation Cell";
			sourceTree = "<group>";
		};
		CE5FE58C293D530400BD5E72 /* Categories */ = {
			isa = PBXGroup;
			children = (
				CE5FE58D293D54D000BD5E72 /* CategoriesViewController.swift */,
				CE5FE58F293D689F00BD5E72 /* IncomeCategoriesViewController.swift */,
				CE5FE591293D6C5200BD5E72 /* WasteCategoriesViewController.swift */,
				CEC43EA3293DEF7B00847B56 /* CategoryDetailViewController.swift */,
				CEC43EA5293DFA7B00847B56 /* EditCategoryViewController.swift */,
			);
			path = Categories;
			sourceTree = "<group>";
		};
		CE8FE51E2931802E007ADA6B /* XIB */ = {
			isa = PBXGroup;
			children = (
				CEDBA6382938102A008462A2 /* Categories Cell */,
				CEFEC2E929357CAC0036EFE1 /* Category Cell */,
				CE8FE51F29318036007ADA6B /* Account Cell */,
				CE13D2BD29342B5900582D11 /* Operation Cell */,
			);
			path = XIB;
			sourceTree = "<group>";
		};
		CE8FE51F29318036007ADA6B /* Account Cell */ = {
			isa = PBXGroup;
			children = (
				CE8FE52029318053007ADA6B /* AccountTableViewCell.swift */,
				CE8FE52129318053007ADA6B /* AccountTableViewCell.xib */,
			);
			path = "Account Cell";
			sourceTree = "<group>";
		};
		CEABBC7B293641C70097C60D /* Category */ = {
			isa = PBXGroup;
			children = (
				CEFEC2E4293577EE0036EFE1 /* Category.swift */,
				CEFEC2E72935787E0036EFE1 /* CategoryData.swift */,
			);
			path = Category;
			sourceTree = "<group>";
		};
		CEC41661293421B7006AD353 /* Account */ = {
			isa = PBXGroup;
			children = (
				CE1FFD1D2930D13800D9435B /* AccountViewController.swift */,
				CE8FE524293183AC007ADA6B /* AccountDetailViewController.swift */,
				CE8FE52629319485007ADA6B /* EditAccountViewController.swift */,
				CEC41662293421CF006AD353 /* AddAccountViewController.swift */,
			);
			path = Account;
			sourceTree = "<group>";
		};
		CEC513382938B18900305FE0 /* Color Cell */ = {
			isa = PBXGroup;
			children = (
				CEC513392938B19C00305FE0 /* ColorCollectionViewCell.swift */,
				CEC5133A2938B19C00305FE0 /* ColorCollectionViewCell.xib */,
			);
			path = "Color Cell";
			sourceTree = "<group>";
		};
		CECD00172930257D002D610A = {
			isa = PBXGroup;
			children = (
				CECD00222930257D002D610A /* money */,
				CECD00212930257D002D610A /* Products */,
			);
			sourceTree = "<group>";
		};
		CECD00212930257D002D610A /* Products */ = {
			isa = PBXGroup;
			children = (
				CECD00202930257D002D610A /* money.app */,
			);
			name = Products;
			sourceTree = "<group>";
		};
		CECD00222930257D002D610A /* money */ = {
			isa = PBXGroup;
			children = (
				CECD00232930257D002D610A /* AppDelegate.swift */,
				CECD00252930257D002D610A /* SceneDelegate.swift */,
				CECD00392930277A002D610A /* Model */,
				CECD00372930276B002D610A /* Controller */,
				CECD003829302772002D610A /* View */,
				CECD002C2930257E002D610A /* Assets.xcassets */,
				CECD002E2930257E002D610A /* LaunchScreen.storyboard */,
				CECD00312930257E002D610A /* Info.plist */,
			);
			path = money;
			sourceTree = "<group>";
		};
		CECD00372930276B002D610A /* Controller */ = {
			isa = PBXGroup;
			children = (
				CECD00272930257D002D610A /* MainViewController.swift */,
				CEFEC2DD2934C0F20036EFE1 /* Operation */,
				CEC41661293421B7006AD353 /* Account */,
				CEFEC2DE2934C1030036EFE1 /* IncomeViewController.swift */,
				CEABBC7E2936B6C50097C60D /* WasteViewController.swift */,
				CEFEC2E229356F850036EFE1 /* SelectAccountsViewController.swift */,
				CEECAAB829380E5C00EB7C6C /* Settings */,
				CED581CE294290920051444B /* SetupLayout.swift */,
				CED581D02942A0EA0051444B /* WarningAlert.swift */,
			);
			path = Controller;
			sourceTree = "<group>";
		};
		CECD003829302772002D610A /* View */ = {
			isa = PBXGroup;
			children = (
				CE8FE51E2931802E007ADA6B /* XIB */,
				CECD00292930257D002D610A /* Main.storyboard */,
			);
			path = View;
			sourceTree = "<group>";
		};
		CECD00392930277A002D610A /* Model */ = {
			isa = PBXGroup;
			children = (
				CEABBC7B293641C70097C60D /* Category */,
				CEFEC2E62935786E0036EFE1 /* Operation */,
				CE13D2B829342A8100582D11 /* Account */,
				CEC36569293ABD3500F2A646 /* NewCategoryData.swift */,
			);
			path = Model;
			sourceTree = "<group>";
		};
		CEDBA6382938102A008462A2 /* Categories Cell */ = {
			isa = PBXGroup;
			children = (
				CEC513382938B18900305FE0 /* Color Cell */,
				CEDBA63929381038008462A2 /* Icon Cell */,
			);
			path = "Categories Cell";
			sourceTree = "<group>";
		};
		CEDBA63929381038008462A2 /* Icon Cell */ = {
			isa = PBXGroup;
			children = (
				CEDBA63A29381074008462A2 /* IconCollectionViewCell.swift */,
				CEDBA63B29381074008462A2 /* IconCollectionViewCell.xib */,
			);
			path = "Icon Cell";
			sourceTree = "<group>";
		};
		CEECAAB829380E5C00EB7C6C /* Settings */ = {
			isa = PBXGroup;
			children = (
				CE5FE58C293D530400BD5E72 /* Categories */,
				CEABBC802936C1F80097C60D /* SettingsViewController.swift */,
				CEABBC822936C9090097C60D /* CurrencyViewController.swift */,
				CEECAAB629380E5600EB7C6C /* CategoryViewController.swift */,
				CEC3656B293ABE1F00F2A646 /* SelectIconViewController.swift */,
				CEC3656D293AC42800F2A646 /* SelectColorViewController.swift */,
			);
			path = Settings;
			sourceTree = "<group>";
		};
		CEFEC2DD2934C0F20036EFE1 /* Operation */ = {
			isa = PBXGroup;
			children = (
				CEFF2BA629343018008C3D1E /* OperationsViewController.swift */,
				CEFF2BA829343BB0008C3D1E /* OperationDetailViewController.swift */,
			);
			path = Operation;
			sourceTree = "<group>";
		};
		CEFEC2E62935786E0036EFE1 /* Operation */ = {
			isa = PBXGroup;
			children = (
				CEBFAA302930CE4F003D0162 /* Operation.swift */,
				CEBFAA322930CEF4003D0162 /* OperationData.swift */,
			);
			path = Operation;
			sourceTree = "<group>";
		};
		CEFEC2E929357CAC0036EFE1 /* Category Cell */ = {
			isa = PBXGroup;
			children = (
				CEFEC2EA29357CCB0036EFE1 /* CategoryTableViewCell.swift */,
				CEFEC2EB29357CCB0036EFE1 /* CategoryTableViewCell.xib */,
			);
			path = "Category Cell";
			sourceTree = "<group>";
		};
/* End PBXGroup section */

/* Begin PBXNativeTarget section */
		CECD001F2930257D002D610A /* money */ = {
			isa = PBXNativeTarget;
			buildConfigurationList = CECD00342930257E002D610A /* Build configuration list for PBXNativeTarget "money" */;
			buildPhases = (
				CECD001C2930257D002D610A /* Sources */,
				CECD001D2930257D002D610A /* Frameworks */,
				CECD001E2930257D002D610A /* Resources */,
			);
			buildRules = (
			);
			dependencies = (
			);
			name = money;
			productName = money;
			productReference = CECD00202930257D002D610A /* money.app */;
			productType = "com.apple.product-type.application";
		};
/* End PBXNativeTarget section */

/* Begin PBXProject section */
		CECD00182930257D002D610A /* Project object */ = {
			isa = PBXProject;
			attributes = {
				BuildIndependentTargetsInParallel = 1;
				LastSwiftUpdateCheck = 1410;
				LastUpgradeCheck = 1410;
				TargetAttributes = {
					CECD001F2930257D002D610A = {
						CreatedOnToolsVersion = 14.1;
					};
				};
			};
			buildConfigurationList = CECD001B2930257D002D610A /* Build configuration list for PBXProject "money" */;
			compatibilityVersion = "Xcode 14.0";
			developmentRegion = en;
			hasScannedForEncodings = 0;
			knownRegions = (
				en,
				Base,
			);
			mainGroup = CECD00172930257D002D610A;
			productRefGroup = CECD00212930257D002D610A /* Products */;
			projectDirPath = "";
			projectRoot = "";
			targets = (
				CECD001F2930257D002D610A /* money */,
			);
		};
/* End PBXProject section */

/* Begin PBXResourcesBuildPhase section */
		CECD001E2930257D002D610A /* Resources */ = {
			isa = PBXResourcesBuildPhase;
			buildActionMask = 2147483647;
			files = (
				CEFF2BA529342DFD008C3D1E /* OperationTableViewCell.xib in Resources */,
				CECD00302930257E002D610A /* LaunchScreen.storyboard in Resources */,
				CEC5133C2938B19C00305FE0 /* ColorCollectionViewCell.xib in Resources */,
				CE8FE52329318053007ADA6B /* AccountTableViewCell.xib in Resources */,
				CEFEC2ED29357CCB0036EFE1 /* CategoryTableViewCell.xib in Resources */,
				CECD002D2930257E002D610A /* Assets.xcassets in Resources */,
				CEDBA63D29381074008462A2 /* IconCollectionViewCell.xib in Resources */,
				CECD002B2930257D002D610A /* Main.storyboard in Resources */,
			);
			runOnlyForDeploymentPostprocessing = 0;
		};
/* End PBXResourcesBuildPhase section */

/* Begin PBXSourcesBuildPhase section */
		CECD001C2930257D002D610A /* Sources */ = {
			isa = PBXSourcesBuildPhase;
			buildActionMask = 2147483647;
			files = (
				CEABBC7F2936B6C50097C60D /* WasteViewController.swift in Sources */,
				CECD00282930257D002D610A /* MainViewController.swift in Sources */,
				CEFF2BA929343BB0008C3D1E /* OperationDetailViewController.swift in Sources */,
				CEC43EA4293DEF7B00847B56 /* CategoryDetailViewController.swift in Sources */,
				CE8FE525293183AC007ADA6B /* AccountDetailViewController.swift in Sources */,
				CEC43EA6293DFA7B00847B56 /* EditCategoryViewController.swift in Sources */,
				CE5FE592293D6C5200BD5E72 /* WasteCategoriesViewController.swift in Sources */,
				CEC3656E293AC42800F2A646 /* SelectColorViewController.swift in Sources */,
				CEECAAB5293808AE00EB7C6C /* AccountCounter.swift in Sources */,
				CECD00242930257D002D610A /* AppDelegate.swift in Sources */,
				CEC3656C293ABE1F00F2A646 /* SelectIconViewController.swift in Sources */,
				CE1FFD1E2930D13800D9435B /* AccountViewController.swift in Sources */,
				CEFEC2E5293577EE0036EFE1 /* Category.swift in Sources */,
				CEFEC2E329356F850036EFE1 /* SelectAccountsViewController.swift in Sources */,
				CE1FFD222930D1A200D9435B /* AccountData.swift in Sources */,
				CED581CF294290920051444B /* SetupLayout.swift in Sources */,
				CE8FE52729319485007ADA6B /* EditAccountViewController.swift in Sources */,
				CE5FE58E293D54D000BD5E72 /* CategoriesViewController.swift in Sources */,
				CE5FE590293D689F00BD5E72 /* IncomeCategoriesViewController.swift in Sources */,
				CEFEC2E82935787E0036EFE1 /* CategoryData.swift in Sources */,
				CEFF2BA429342DFD008C3D1E /* OperationTableViewCell.swift in Sources */,
				CEBFAA332930CEF4003D0162 /* OperationData.swift in Sources */,
				CEC3656A293ABD3500F2A646 /* NewCategoryData.swift in Sources */,
				CEABBC812936C1F80097C60D /* SettingsViewController.swift in Sources */,
				CEC5133B2938B19C00305FE0 /* ColorCollectionViewCell.swift in Sources */,
				CECD00262930257D002D610A /* SceneDelegate.swift in Sources */,
				CE8FE52229318053007ADA6B /* AccountTableViewCell.swift in Sources */,
				CEDBA63C29381074008462A2 /* IconCollectionViewCell.swift in Sources */,
				CEBFAA312930CE4F003D0162 /* Operation.swift in Sources */,
				CEFEC2EC29357CCB0036EFE1 /* CategoryTableViewCell.swift in Sources */,
				CED581D12942A0EA0051444B /* WarningAlert.swift in Sources */,
				CEC41663293421CF006AD353 /* AddAccountViewController.swift in Sources */,
				CEECAAB729380E5600EB7C6C /* CategoryViewController.swift in Sources */,
				CEFF2BA729343018008C3D1E /* OperationsViewController.swift in Sources */,
				CEABBC832936C9090097C60D /* CurrencyViewController.swift in Sources */,
				CE1FFD202930D18600D9435B /* Account.swift in Sources */,
				CEFEC2DF2934C1030036EFE1 /* IncomeViewController.swift in Sources */,
			);
			runOnlyForDeploymentPostprocessing = 0;
		};
/* End PBXSourcesBuildPhase section */

/* Begin PBXVariantGroup section */
		CECD00292930257D002D610A /* Main.storyboard */ = {
			isa = PBXVariantGroup;
			children = (
				CECD002A2930257D002D610A /* Base */,
			);
			name = Main.storyboard;
			sourceTree = "<group>";
		};
		CECD002E2930257E002D610A /* LaunchScreen.storyboard */ = {
			isa = PBXVariantGroup;
			children = (
				CECD002F2930257E002D610A /* Base */,
			);
			name = LaunchScreen.storyboard;
			sourceTree = "<group>";
		};
/* End PBXVariantGroup section */

/* Begin XCBuildConfiguration section */
		CECD00322930257E002D610A /* Debug */ = {
			isa = XCBuildConfiguration;
			buildSettings = {
				ALWAYS_SEARCH_USER_PATHS = NO;
				CLANG_ANALYZER_NONNULL = YES;
				CLANG_ANALYZER_NUMBER_OBJECT_CONVERSION = YES_AGGRESSIVE;
				CLANG_CXX_LANGUAGE_STANDARD = "gnu++20";
				CLANG_ENABLE_MODULES = YES;
				CLANG_ENABLE_OBJC_ARC = YES;
				CLANG_ENABLE_OBJC_WEAK = YES;
				CLANG_WARN_BLOCK_CAPTURE_AUTORELEASING = YES;
				CLANG_WARN_BOOL_CONVERSION = YES;
				CLANG_WARN_COMMA = YES;
				CLANG_WARN_CONSTANT_CONVERSION = YES;
				CLANG_WARN_DEPRECATED_OBJC_IMPLEMENTATIONS = YES;
				CLANG_WARN_DIRECT_OBJC_ISA_USAGE = YES_ERROR;
				CLANG_WARN_DOCUMENTATION_COMMENTS = YES;
				CLANG_WARN_EMPTY_BODY = YES;
				CLANG_WARN_ENUM_CONVERSION = YES;
				CLANG_WARN_INFINITE_RECURSION = YES;
				CLANG_WARN_INT_CONVERSION = YES;
				CLANG_WARN_NON_LITERAL_NULL_CONVERSION = YES;
				CLANG_WARN_OBJC_IMPLICIT_RETAIN_SELF = YES;
				CLANG_WARN_OBJC_LITERAL_CONVERSION = YES;
				CLANG_WARN_OBJC_ROOT_CLASS = YES_ERROR;
				CLANG_WARN_QUOTED_INCLUDE_IN_FRAMEWORK_HEADER = YES;
				CLANG_WARN_RANGE_LOOP_ANALYSIS = YES;
				CLANG_WARN_STRICT_PROTOTYPES = YES;
				CLANG_WARN_SUSPICIOUS_MOVE = YES;
				CLANG_WARN_UNGUARDED_AVAILABILITY = YES_AGGRESSIVE;
				CLANG_WARN_UNREACHABLE_CODE = YES;
				CLANG_WARN__DUPLICATE_METHOD_MATCH = YES;
				COPY_PHASE_STRIP = NO;
				DEBUG_INFORMATION_FORMAT = dwarf;
				ENABLE_STRICT_OBJC_MSGSEND = YES;
				ENABLE_TESTABILITY = YES;
				GCC_C_LANGUAGE_STANDARD = gnu11;
				GCC_DYNAMIC_NO_PIC = NO;
				GCC_NO_COMMON_BLOCKS = YES;
				GCC_OPTIMIZATION_LEVEL = 0;
				GCC_PREPROCESSOR_DEFINITIONS = (
					"DEBUG=1",
					"$(inherited)",
				);
				GCC_WARN_64_TO_32_BIT_CONVERSION = YES;
				GCC_WARN_ABOUT_RETURN_TYPE = YES_ERROR;
				GCC_WARN_UNDECLARED_SELECTOR = YES;
				GCC_WARN_UNINITIALIZED_AUTOS = YES_AGGRESSIVE;
				GCC_WARN_UNUSED_FUNCTION = YES;
				GCC_WARN_UNUSED_VARIABLE = YES;
				IPHONEOS_DEPLOYMENT_TARGET = 16.1;
				MTL_ENABLE_DEBUG_INFO = INCLUDE_SOURCE;
				MTL_FAST_MATH = YES;
				ONLY_ACTIVE_ARCH = YES;
				SDKROOT = iphoneos;
				SWIFT_ACTIVE_COMPILATION_CONDITIONS = DEBUG;
				SWIFT_OPTIMIZATION_LEVEL = "-Onone";
			};
			name = Debug;
		};
		CECD00332930257E002D610A /* Release */ = {
			isa = XCBuildConfiguration;
			buildSettings = {
				ALWAYS_SEARCH_USER_PATHS = NO;
				CLANG_ANALYZER_NONNULL = YES;
				CLANG_ANALYZER_NUMBER_OBJECT_CONVERSION = YES_AGGRESSIVE;
				CLANG_CXX_LANGUAGE_STANDARD = "gnu++20";
				CLANG_ENABLE_MODULES = YES;
				CLANG_ENABLE_OBJC_ARC = YES;
				CLANG_ENABLE_OBJC_WEAK = YES;
				CLANG_WARN_BLOCK_CAPTURE_AUTORELEASING = YES;
				CLANG_WARN_BOOL_CONVERSION = YES;
				CLANG_WARN_COMMA = YES;
				CLANG_WARN_CONSTANT_CONVERSION = YES;
				CLANG_WARN_DEPRECATED_OBJC_IMPLEMENTATIONS = YES;
				CLANG_WARN_DIRECT_OBJC_ISA_USAGE = YES_ERROR;
				CLANG_WARN_DOCUMENTATION_COMMENTS = YES;
				CLANG_WARN_EMPTY_BODY = YES;
				CLANG_WARN_ENUM_CONVERSION = YES;
				CLANG_WARN_INFINITE_RECURSION = YES;
				CLANG_WARN_INT_CONVERSION = YES;
				CLANG_WARN_NON_LITERAL_NULL_CONVERSION = YES;
				CLANG_WARN_OBJC_IMPLICIT_RETAIN_SELF = YES;
				CLANG_WARN_OBJC_LITERAL_CONVERSION = YES;
				CLANG_WARN_OBJC_ROOT_CLASS = YES_ERROR;
				CLANG_WARN_QUOTED_INCLUDE_IN_FRAMEWORK_HEADER = YES;
				CLANG_WARN_RANGE_LOOP_ANALYSIS = YES;
				CLANG_WARN_STRICT_PROTOTYPES = YES;
				CLANG_WARN_SUSPICIOUS_MOVE = YES;
				CLANG_WARN_UNGUARDED_AVAILABILITY = YES_AGGRESSIVE;
				CLANG_WARN_UNREACHABLE_CODE = YES;
				CLANG_WARN__DUPLICATE_METHOD_MATCH = YES;
				COPY_PHASE_STRIP = NO;
				DEBUG_INFORMATION_FORMAT = "dwarf-with-dsym";
				ENABLE_NS_ASSERTIONS = NO;
				ENABLE_STRICT_OBJC_MSGSEND = YES;
				GCC_C_LANGUAGE_STANDARD = gnu11;
				GCC_NO_COMMON_BLOCKS = YES;
				GCC_WARN_64_TO_32_BIT_CONVERSION = YES;
				GCC_WARN_ABOUT_RETURN_TYPE = YES_ERROR;
				GCC_WARN_UNDECLARED_SELECTOR = YES;
				GCC_WARN_UNINITIALIZED_AUTOS = YES_AGGRESSIVE;
				GCC_WARN_UNUSED_FUNCTION = YES;
				GCC_WARN_UNUSED_VARIABLE = YES;
				IPHONEOS_DEPLOYMENT_TARGET = 16.1;
				MTL_ENABLE_DEBUG_INFO = NO;
				MTL_FAST_MATH = YES;
				SDKROOT = iphoneos;
				SWIFT_COMPILATION_MODE = wholemodule;
				SWIFT_OPTIMIZATION_LEVEL = "-O";
				VALIDATE_PRODUCT = YES;
			};
			name = Release;
		};
		CECD00352930257E002D610A /* Debug */ = {
			isa = XCBuildConfiguration;
			buildSettings = {
				ASSETCATALOG_COMPILER_APPICON_NAME = AppIcon;
				ASSETCATALOG_COMPILER_GLOBAL_ACCENT_COLOR_NAME = AccentColor;
				CODE_SIGN_STYLE = Automatic;
				CURRENT_PROJECT_VERSION = 1;
				DEVELOPMENT_TEAM = W4T587833Q;
				GENERATE_INFOPLIST_FILE = YES;
				INFOPLIST_FILE = money/Info.plist;
				INFOPLIST_KEY_CFBundleDisplayName = "Money Tracker";
				INFOPLIST_KEY_LSApplicationCategoryType = "public.app-category.finance";
				INFOPLIST_KEY_UIApplicationSupportsIndirectInputEvents = YES;
				INFOPLIST_KEY_UILaunchStoryboardName = LaunchScreen;
				INFOPLIST_KEY_UIMainStoryboardFile = Main;
				INFOPLIST_KEY_UIStatusBarStyle = UIStatusBarStyleLightContent;
				INFOPLIST_KEY_UISupportedInterfaceOrientations = UIInterfaceOrientationPortrait;
				INFOPLIST_KEY_UISupportedInterfaceOrientations_iPad = "UIInterfaceOrientationLandscapeLeft UIInterfaceOrientationLandscapeRight UIInterfaceOrientationPortrait UIInterfaceOrientationPortraitUpsideDown";
				IPHONEOS_DEPLOYMENT_TARGET = 14.0;
				LD_RUNPATH_SEARCH_PATHS = (
					"$(inherited)",
					"@executable_path/Frameworks",
				);
				MARKETING_VERSION = 1.0;
				PRODUCT_BUNDLE_IDENTIFIER = shantsev.money;
				PRODUCT_NAME = "$(TARGET_NAME)";
				SWIFT_EMIT_LOC_STRINGS = YES;
				SWIFT_VERSION = 5.0;
				TARGETED_DEVICE_FAMILY = "1,2";
			};
			name = Debug;
		};
		CECD00362930257E002D610A /* Release */ = {
			isa = XCBuildConfiguration;
			buildSettings = {
				ASSETCATALOG_COMPILER_APPICON_NAME = AppIcon;
				ASSETCATALOG_COMPILER_GLOBAL_ACCENT_COLOR_NAME = AccentColor;
				CODE_SIGN_STYLE = Automatic;
				CURRENT_PROJECT_VERSION = 1;
				DEVELOPMENT_TEAM = W4T587833Q;
				GENERATE_INFOPLIST_FILE = YES;
				INFOPLIST_FILE = money/Info.plist;
				INFOPLIST_KEY_CFBundleDisplayName = "Money Tracker";
				INFOPLIST_KEY_LSApplicationCategoryType = "public.app-category.finance";
				INFOPLIST_KEY_UIApplicationSupportsIndirectInputEvents = YES;
				INFOPLIST_KEY_UILaunchStoryboardName = LaunchScreen;
				INFOPLIST_KEY_UIMainStoryboardFile = Main;
				INFOPLIST_KEY_UIStatusBarStyle = UIStatusBarStyleLightContent;
				INFOPLIST_KEY_UISupportedInterfaceOrientations = UIInterfaceOrientationPortrait;
				INFOPLIST_KEY_UISupportedInterfaceOrientations_iPad = "UIInterfaceOrientationLandscapeLeft UIInterfaceOrientationLandscapeRight UIInterfaceOrientationPortrait UIInterfaceOrientationPortraitUpsideDown";
				IPHONEOS_DEPLOYMENT_TARGET = 14.0;
				LD_RUNPATH_SEARCH_PATHS = (
					"$(inherited)",
					"@executable_path/Frameworks",
				);
				MARKETING_VERSION = 1.0;
				PRODUCT_BUNDLE_IDENTIFIER = shantsev.money;
				PRODUCT_NAME = "$(TARGET_NAME)";
				SWIFT_EMIT_LOC_STRINGS = YES;
				SWIFT_VERSION = 5.0;
				TARGETED_DEVICE_FAMILY = "1,2";
			};
			name = Release;
		};
/* End XCBuildConfiguration section */

/* Begin XCConfigurationList section */
		CECD001B2930257D002D610A /* Build configuration list for PBXProject "money" */ = {
			isa = XCConfigurationList;
			buildConfigurations = (
				CECD00322930257E002D610A /* Debug */,
				CECD00332930257E002D610A /* Release */,
			);
			defaultConfigurationIsVisible = 0;
			defaultConfigurationName = Release;
		};
		CECD00342930257E002D610A /* Build configuration list for PBXNativeTarget "money" */ = {
			isa = XCConfigurationList;
			buildConfigurations = (
				CECD00352930257E002D610A /* Debug */,
				CECD00362930257E002D610A /* Release */,
			);
			defaultConfigurationIsVisible = 0;
			defaultConfigurationName = Release;
		};
/* End XCConfigurationList section */
	};
	rootObject = CECD00182930257D002D610A /* Project object */;
}
